
Microsoft Visual Studio Solution File, Format Version 12.00
# Visual Studio 15
VisualStudioVersion = 15.0.27703.2047
MinimumVisualStudioVersion = 10.0.40219.1
Project("{FAE04EC0-301F-11D3-BF4B-00C04F79EFBC}") = "MZcms.Web", "MZcms.Web\MZcms.Web.csproj", "{18516B0E-15EE-4ED5-987F-DC729B2A8BBE}"
EndProject
Project("{FAE04EC0-301F-11D3-BF4B-00C04F79EFBC}") = "MZcms.SmallProgAPI", "MZcms.SmallProgAPI\MZcms.SmallProgAPI.csproj", "{D8E1012C-C63F-442F-9346-9EC7196B80F1}"
EndProject
Project("{FAE04EC0-301F-11D3-BF4B-00C04F79EFBC}") = "MZcms.API", "MZcms.API\MZcms.API.csproj", "{A6C176D5-53EE-49C4-9455-C6AE559F2B1C}"
EndProject
Project("{FAE04EC0-301F-11D3-BF4B-00C04F79EFBC}") = "MZcms.Web.Framework", "MZcms.Web.Framework\MZcms.Web.Framework.csproj", "{8C4A58D2-21E9-4DF5-BBE7-4730E609DE30}"
EndProject
Project("{2150E333-8FDC-42A3-9474-1A3956D46DE8}") = "Web", "Web", "{A8551EC2-9041-4EF9-A807-C1581F27058F}"
EndProject
Project("{FAE04EC0-301F-11D3-BF4B-00C04F79EFBC}") = "MZcms.IServices", "MZcms.IServices\MZcms.IServices.csproj", "{1EA8FC44-C40A-4511-9062-8D453430BE44}"
EndProject
Project("{FAE04EC0-301F-11D3-BF4B-00C04F79EFBC}") = "MZcms.Service", "MZcms.Service\MZcms.Service.csproj", "{D7B5B355-329F-4394-AD42-BB3FF441C153}"
EndProject
Project("{FAE04EC0-301F-11D3-BF4B-00C04F79EFBC}") = "MZcms.ServiceProvider", "MZcms.ServiceProvider\MZcms.ServiceProvider.csproj", "{D95A9089-BB60-4435-BDAF-337CA1A34DF8}"
EndProject
Project("{2150E333-8FDC-42A3-9474-1A3956D46DE8}") = "Service", "Service", "{DA6629D4-594A-477A-8458-353518678268}"
EndProject
Project("{FAE04EC0-301F-11D3-BF4B-00C04F79EFBC}") = "MZcms.CommonModel", "MZcms.CommonModel\MZcms.CommonModel.csproj", "{03440B05-BF8B-4B13-8F54-1AD1C819A91F}"
EndProject
Project("{FAE04EC0-301F-11D3-BF4B-00C04F79EFBC}") = "MZcms.Entities", "MZcms.Entities\MZcms.Entities.csproj", "{922059A3-530F-4F23-A2B9-7237D508614C}"
EndProject
Project("{FAE04EC0-301F-11D3-BF4B-00C04F79EFBC}") = "MZcms.Entity", "MZcms.Entity\MZcms.Entity.csproj", "{6CFEF5CD-7FA4-47D8-8F7F-67FC0C5069E6}"
EndProject
Project("{FAE04EC0-301F-11D3-BF4B-00C04F79EFBC}") = "MZcms.Model", "MZcms.Model\MZcms.Model.csproj", "{2C6D0638-C5F6-432A-ACA5-2710D243FE96}"
EndProject
Project("{2150E333-8FDC-42A3-9474-1A3956D46DE8}") = "Data", "Data", "{D5E94BDA-67DD-4B84-B937-0547B33584EE}"
EndProject
Project("{FAE04EC0-301F-11D3-BF4B-00C04F79EFBC}") = "MZcms.Core", "MZcms.Core\MZcms.Core.csproj", "{720FF9A7-86ED-4D2A-8BB2-E9F958D59BF7}"
EndProject
Project("{2150E333-8FDC-42A3-9474-1A3956D46DE8}") = "Core", "Core", "{6831528A-511D-431A-AF4D-DFB1C05A1A2C}"
EndProject
Project("{FAE04EC0-301F-11D3-BF4B-00C04F79EFBC}") = "MZcms.Application", "MZcms.Application\MZcms.Application.csproj", "{7A412F46-B2B1-42F4-AB5E-3EA03F9BA194}"
EndProject
Project("{2150E333-8FDC-42A3-9474-1A3956D46DE8}") = "Application", "Application", "{616AA7B9-7B44-4212-8CD2-4F013A51FFF3}"
EndProject
Global
	GlobalSection(SolutionConfigurationPlatforms) = preSolution
		Debug|Any CPU = Debug|Any CPU
		Release|Any CPU = Release|Any CPU
	EndGlobalSection
	GlobalSection(ProjectConfigurationPlatforms) = postSolution
		{18516B0E-15EE-4ED5-987F-DC729B2A8BBE}.Debug|Any CPU.ActiveCfg = Debug|Any CPU
		{18516B0E-15EE-4ED5-987F-DC729B2A8BBE}.Debug|Any CPU.Build.0 = Debug|Any CPU
		{18516B0E-15EE-4ED5-987F-DC729B2A8BBE}.Release|Any CPU.ActiveCfg = Release|Any CPU
		{18516B0E-15EE-4ED5-987F-DC729B2A8BBE}.Release|Any CPU.Build.0 = Release|Any CPU
		{D8E1012C-C63F-442F-9346-9EC7196B80F1}.Debug|Any CPU.ActiveCfg = Debug|Any CPU
		{D8E1012C-C63F-442F-9346-9EC7196B80F1}.Debug|Any CPU.Build.0 = Debug|Any CPU
		{D8E1012C-C63F-442F-9346-9EC7196B80F1}.Release|Any CPU.ActiveCfg = Release|Any CPU
		{D8E1012C-C63F-442F-9346-9EC7196B80F1}.Release|Any CPU.Build.0 = Release|Any CPU
		{A6C176D5-53EE-49C4-9455-C6AE559F2B1C}.Debug|Any CPU.ActiveCfg = Debug|Any CPU
		{A6C176D5-53EE-49C4-9455-C6AE559F2B1C}.Debug|Any CPU.Build.0 = Debug|Any CPU
		{A6C176D5-53EE-49C4-9455-C6AE559F2B1C}.Release|Any CPU.ActiveCfg = Release|Any CPU
		{A6C176D5-53EE-49C4-9455-C6AE559F2B1C}.Release|Any CPU.Build.0 = Release|Any CPU
		{8C4A58D2-21E9-4DF5-BBE7-4730E609DE30}.Debug|Any CPU.ActiveCfg = Debug|Any CPU
		{8C4A58D2-21E9-4DF5-BBE7-4730E609DE30}.Debug|Any CPU.Build.0 = Debug|Any CPU
		{8C4A58D2-21E9-4DF5-BBE7-4730E609DE30}.Release|Any CPU.ActiveCfg = Release|Any CPU
		{8C4A58D2-21E9-4DF5-BBE7-4730E609DE30}.Release|Any CPU.Build.0 = Release|Any CPU
		{1EA8FC44-C40A-4511-9062-8D453430BE44}.Debug|Any CPU.ActiveCfg = Debug|Any CPU
		{1EA8FC44-C40A-4511-9062-8D453430BE44}.Debug|Any CPU.Build.0 = Debug|Any CPU
		{1EA8FC44-C40A-4511-9062-8D453430BE44}.Release|Any CPU.ActiveCfg = Release|Any CPU
		{1EA8FC44-C40A-4511-9062-8D453430BE44}.Release|Any CPU.Build.0 = Release|Any CPU
		{D7B5B355-329F-4394-AD42-BB3FF441C153}.Debug|Any CPU.ActiveCfg = Debug|Any CPU
		{D7B5B355-329F-4394-AD42-BB3FF441C153}.Debug|Any CPU.Build.0 = Debug|Any CPU
		{D7B5B355-329F-4394-AD42-BB3FF441C153}.Release|Any CPU.ActiveCfg = Release|Any CPU
		{D7B5B355-329F-4394-AD42-BB3FF441C153}.Release|Any CPU.Build.0 = Release|Any CPU
		{D95A9089-BB60-4435-BDAF-337CA1A34DF8}.Debug|Any CPU.ActiveCfg = Debug|Any CPU
		{D95A9089-BB60-4435-BDAF-337CA1A34DF8}.Debug|Any CPU.Build.0 = Debug|Any CPU
		{D95A9089-BB60-4435-BDAF-337CA1A34DF8}.Release|Any CPU.ActiveCfg = Release|Any CPU
		{D95A9089-BB60-4435-BDAF-337CA1A34DF8}.Release|Any CPU.Build.0 = Release|Any CPU
		{03440B05-BF8B-4B13-8F54-1AD1C819A91F}.Debug|Any CPU.ActiveCfg = Debug|Any CPU
		{03440B05-BF8B-4B13-8F54-1AD1C819A91F}.Debug|Any CPU.Build.0 = Debug|Any CPU
		{03440B05-BF8B-4B13-8F54-1AD1C819A91F}.Release|Any CPU.ActiveCfg = Release|Any CPU
		{03440B05-BF8B-4B13-8F54-1AD1C819A91F}.Release|Any CPU.Build.0 = Release|Any CPU
		{922059A3-530F-4F23-A2B9-7237D508614C}.Debug|Any CPU.ActiveCfg = Debug|Any CPU
		{922059A3-530F-4F23-A2B9-7237D508614C}.Debug|Any CPU.Build.0 = Debug|Any CPU
		{922059A3-530F-4F23-A2B9-7237D508614C}.Release|Any CPU.ActiveCfg = Release|Any CPU
		{922059A3-530F-4F23-A2B9-7237D508614C}.Release|Any CPU.Build.0 = Release|Any CPU
		{6CFEF5CD-7FA4-47D8-8F7F-67FC0C5069E6}.Debug|Any CPU.ActiveCfg = Debug|Any CPU
		{6CFEF5CD-7FA4-47D8-8F7F-67FC0C5069E6}.Debug|Any CPU.Build.0 = Debug|Any CPU
		{6CFEF5CD-7FA4-47D8-8F7F-67FC0C5069E6}.Release|Any CPU.ActiveCfg = Release|Any CPU
		{6CFEF5CD-7FA4-47D8-8F7F-67FC0C5069E6}.Release|Any CPU.Build.0 = Release|Any CPU
		{2C6D0638-C5F6-432A-ACA5-2710D243FE96}.Debug|Any CPU.ActiveCfg = Debug|Any CPU
		{2C6D0638-C5F6-432A-ACA5-2710D243FE96}.Debug|Any CPU.Build.0 = Debug|Any CPU
		{2C6D0638-C5F6-432A-ACA5-2710D243FE96}.Release|Any CPU.ActiveCfg = Release|Any CPU
		{2C6D0638-C5F6-432A-ACA5-2710D243FE96}.Release|Any CPU.Build.0 = Release|Any CPU
		{720FF9A7-86ED-4D2A-8BB2-E9F958D59BF7}.Debug|Any CPU.ActiveCfg = Debug|Any CPU
		{720FF9A7-86ED-4D2A-8BB2-E9F958D59BF7}.Debug|Any CPU.Build.0 = Debug|Any CPU
		{720FF9A7-86ED-4D2A-8BB2-E9F958D59BF7}.Release|Any CPU.ActiveCfg = Release|Any CPU
		{720FF9A7-86ED-4D2A-8BB2-E9F958D59BF7}.Release|Any CPU.Build.0 = Release|Any CPU
		{7A412F46-B2B1-42F4-AB5E-3EA03F9BA194}.Debug|Any CPU.ActiveCfg = Debug|Any CPU
		{7A412F46-B2B1-42F4-AB5E-3EA03F9BA194}.Debug|Any CPU.Build.0 = Debug|Any CPU
		{7A412F46-B2B1-42F4-AB5E-3EA03F9BA194}.Release|Any CPU.ActiveCfg = Release|Any CPU
		{7A412F46-B2B1-42F4-AB5E-3EA03F9BA194}.Release|Any CPU.Build.0 = Release|Any CPU
	EndGlobalSection
	GlobalSection(SolutionProperties) = preSolution
		HideSolutionNode = FALSE
	EndGlobalSection
	GlobalSection(NestedProjects) = preSolution
		{18516B0E-15EE-4ED5-987F-DC729B2A8BBE} = {A8551EC2-9041-4EF9-A807-C1581F27058F}
		{D8E1012C-C63F-442F-9346-9EC7196B80F1} = {A8551EC2-9041-4EF9-A807-C1581F27058F}
		{A6C176D5-53EE-49C4-9455-C6AE559F2B1C} = {A8551EC2-9041-4EF9-A807-C1581F27058F}
		{8C4A58D2-21E9-4DF5-BBE7-4730E609DE30} = {A8551EC2-9041-4EF9-A807-C1581F27058F}
		{1EA8FC44-C40A-4511-9062-8D453430BE44} = {DA6629D4-594A-477A-8458-353518678268}
		{D7B5B355-329F-4394-AD42-BB3FF441C153} = {DA6629D4-594A-477A-8458-353518678268}
		{D95A9089-BB60-4435-BDAF-337CA1A34DF8} = {DA6629D4-594A-477A-8458-353518678268}
		{03440B05-BF8B-4B13-8F54-1AD1C819A91F} = {D5E94BDA-67DD-4B84-B937-0547B33584EE}
		{922059A3-530F-4F23-A2B9-7237D508614C} = {D5E94BDA-67DD-4B84-B937-0547B33584EE}
		{6CFEF5CD-7FA4-47D8-8F7F-67FC0C5069E6} = {D5E94BDA-67DD-4B84-B937-0547B33584EE}
		{2C6D0638-C5F6-432A-ACA5-2710D243FE96} = {D5E94BDA-67DD-4B84-B937-0547B33584EE}
		{720FF9A7-86ED-4D2A-8BB2-E9F958D59BF7} = {6831528A-511D-431A-AF4D-DFB1C05A1A2C}
		{7A412F46-B2B1-42F4-AB5E-3EA03F9BA194} = {616AA7B9-7B44-4212-8CD2-4F013A51FFF3}
	EndGlobalSection
	GlobalSection(ExtensibilityGlobals) = postSolution
		SolutionGuid = {2CD439D5-7444-4B5F-89DC-17BD8DE1D8DB}
	EndGlobalSection
EndGlobal
